{
  "name": "WebAR",
  "lockfileVersion": 2,
  "requires": true,
  "packages": {
    "": {
      "dependencies": {
        "@doku276/vrweb": "^1.0.2"
      }
    },
    "node_modules/@doku276/vrweb": {
      "version": "1.0.2",
      "resolved": "https://registry.npmjs.org/@doku276/vrweb/-/vrweb-1.0.2.tgz",
      "integrity": "sha512-7IWfMY0MfSd20AGIq6CySqROWw1uuH3jm6wy0ZCQ/Bp9VAz8Vf88Jxz9xZ/xHjqGOAzhaC0v/FkI8P/aVpTsYg==",
      "dependencies": {
        "@doku276/vrweb": "^1.0.1"
      }
    }
  },
  "dependencies": {
    "@doku276/vrweb": {
      "version": "1.0.2",
      "resolved": "https://registry.npmjs.org/@doku276/vrweb/-/vrweb-1.0.2.tgz",
      "integrity": "sha512-7IWfMY0MfSd20AGIq6CySqROWw1uuH3jm6wy0ZCQ/Bp9VAz8Vf88Jxz9xZ/xHjqGOAzhaC0v/FkI8P/aVpTsYg==",
      "requires": {
        "@doku276/vrweb": "^1.0.1"
      }
    }
  }
}
